
Microsoft Visual Studio Solution File, Format Version 12.00
# Visual Studio Version 17
VisualStudioVersion = 17.14.36408.4 d17.14
MinimumVisualStudioVersion = 10.0.40219.1
Project("{FAE04EC0-301F-11D3-BF4B-00C04F79EFBC}") = "MakeProjects.Abstractions", "MakeProjects.Abstractions\MakeProjects.Abstractions.csproj", "{52657A37-CA2C-4B67-9334-4480E1060157}"
EndProject
Project("{FAE04EC0-301F-11D3-BF4B-00C04F79EFBC}") = "MakeProjects.Infrastructure", "MakeProjects.Infrastructure\MakeProjects.Infrastructure.csproj", "{89753A41-F37D-43B3-B445-8B311AEADED5}"
EndProject
Global
	GlobalSection(SolutionConfigurationPlatforms) = preSolution
		Debug|Any CPU = Debug|Any CPU
		Release|Any CPU = Release|Any CPU
	EndGlobalSection
	GlobalSection(ProjectConfigurationPlatforms) = postSolution
		{52657A37-CA2C-4B67-9334-4480E1060157}.Debug|Any CPU.ActiveCfg = Debug|Any CPU
		{52657A37-CA2C-4B67-9334-4480E1060157}.Debug|Any CPU.Build.0 = Debug|Any CPU
		{52657A37-CA2C-4B67-9334-4480E1060157}.Release|Any CPU.ActiveCfg = Release|Any CPU
		{52657A37-CA2C-4B67-9334-4480E1060157}.Release|Any CPU.Build.0 = Release|Any CPU
		{89753A41-F37D-43B3-B445-8B311AEADED5}.Debug|Any CPU.ActiveCfg = Debug|Any CPU
		{89753A41-F37D-43B3-B445-8B311AEADED5}.Debug|Any CPU.Build.0 = Debug|Any CPU
		{89753A41-F37D-43B3-B445-8B311AEADED5}.Release|Any CPU.ActiveCfg = Release|Any CPU
		{89753A41-F37D-43B3-B445-8B311AEADED5}.Release|Any CPU.Build.0 = Release|Any CPU
	EndGlobalSection
	GlobalSection(SolutionProperties) = preSolution
		HideSolutionNode = FALSE
	EndGlobalSection
	GlobalSection(ExtensibilityGlobals) = postSolution
		SolutionGuid = {FD86D7CF-A634-4839-8DB0-7DC891D7F7E3}
	EndGlobalSection
EndGlobal
